
Microsoft Visual Studio Solution File, Format Version 12.00
# Visual Studio Version 16
VisualStudioVersion = 16.0.810.0
MinimumVisualStudioVersion = 10.0.40219.1
Project("{FAE04EC0-301F-11D3-BF4B-00C04F79EFBC}") = "example", "example\example.csproj", "{59F33D4B-B7B6-4971-B778-CB096511A9D9}"
EndProject
Global
	GlobalSection(SolutionConfigurationPlatforms) = preSolution
		Debug|Any CPU = Debug|Any CPU
		Release|Any CPU = Release|Any CPU
	EndGlobalSection
	GlobalSection(ProjectConfigurationPlatforms) = postSolution
		{59F33D4B-B7B6-4971-B778-CB096511A9D9}.Debug|Any CPU.ActiveCfg = Debug|Any CPU
		{59F33D4B-B7B6-4971-B778-CB096511A9D9}.Debug|Any CPU.Build.0 = Debug|Any CPU
		{59F33D4B-B7B6-4971-B778-CB096511A9D9}.Release|Any CPU.ActiveCfg = Release|Any CPU
		{59F33D4B-B7B6-4971-B778-CB096511A9D9}.Release|Any CPU.Build.0 = Release|Any CPU
	EndGlobalSection
	GlobalSection(SolutionProperties) = preSolution
		HideSolutionNode = FALSE
	EndGlobalSection
	GlobalSection(ExtensibilityGlobals) = postSolution
		SolutionGuid = {B802D7BE-AE37-468E-90B7-715A3A0A3A13}
	EndGlobalSection
EndGlobal
